
Microsoft Visual Studio Solution File, Format Version 12.00
# Visual Studio Version 17
VisualStudioVersion = 17.0.31717.71
MinimumVisualStudioVersion = 10.0.40219.1
Project("{9A19103F-16F7-4668-BE54-9A1E7A4F7556}") = "NeighborsNetwork.Users.Service", "NeighborsNetwork.Users.Service\NeighborsNetwork.Users.Service.csproj", "{D4D50775-C93F-42C3-8CBE-B593AC82E081}"
EndProject
Project("{9A19103F-16F7-4668-BE54-9A1E7A4F7556}") = "NeighborsNetwork.Users.Db", "NeighborsNetwork.Users.Db\NeighborsNetwork.Users.Db.csproj", "{E792193B-5D3D-46DA-B08A-EA3B23FF7EAE}"
EndProject
Project("{FAE04EC0-301F-11D3-BF4B-00C04F79EFBC}") = "NeighborsNetwork.Shared", "..\..\NeighborsNetwork.Shared\NeighborsNetwork.Shared.csproj", "{CD9CDFA5-F051-40A0-97D4-64F2CF43C7FB}"
EndProject
Project("{FAE04EC0-301F-11D3-BF4B-00C04F79EFBC}") = "NeighborsNetwork.Users.Service.Processing", "NeighborsNetwork.Users.Service.Processing\NeighborsNetwork.Users.Service.Processing.csproj", "{F15625B1-90C1-45E8-B4D7-B96822FD0677}"
EndProject
Global
	GlobalSection(SolutionConfigurationPlatforms) = preSolution
		Debug|Any CPU = Debug|Any CPU
		Release|Any CPU = Release|Any CPU
	EndGlobalSection
	GlobalSection(ProjectConfigurationPlatforms) = postSolution
		{D4D50775-C93F-42C3-8CBE-B593AC82E081}.Debug|Any CPU.ActiveCfg = Debug|Any CPU
		{D4D50775-C93F-42C3-8CBE-B593AC82E081}.Debug|Any CPU.Build.0 = Debug|Any CPU
		{D4D50775-C93F-42C3-8CBE-B593AC82E081}.Release|Any CPU.ActiveCfg = Release|Any CPU
		{D4D50775-C93F-42C3-8CBE-B593AC82E081}.Release|Any CPU.Build.0 = Release|Any CPU
		{E792193B-5D3D-46DA-B08A-EA3B23FF7EAE}.Debug|Any CPU.ActiveCfg = Debug|Any CPU
		{E792193B-5D3D-46DA-B08A-EA3B23FF7EAE}.Debug|Any CPU.Build.0 = Debug|Any CPU
		{E792193B-5D3D-46DA-B08A-EA3B23FF7EAE}.Release|Any CPU.ActiveCfg = Release|Any CPU
		{E792193B-5D3D-46DA-B08A-EA3B23FF7EAE}.Release|Any CPU.Build.0 = Release|Any CPU
		{CD9CDFA5-F051-40A0-97D4-64F2CF43C7FB}.Debug|Any CPU.ActiveCfg = Debug|Any CPU
		{CD9CDFA5-F051-40A0-97D4-64F2CF43C7FB}.Debug|Any CPU.Build.0 = Debug|Any CPU
		{CD9CDFA5-F051-40A0-97D4-64F2CF43C7FB}.Release|Any CPU.ActiveCfg = Release|Any CPU
		{CD9CDFA5-F051-40A0-97D4-64F2CF43C7FB}.Release|Any CPU.Build.0 = Release|Any CPU
		{F15625B1-90C1-45E8-B4D7-B96822FD0677}.Debug|Any CPU.ActiveCfg = Debug|Any CPU
		{F15625B1-90C1-45E8-B4D7-B96822FD0677}.Debug|Any CPU.Build.0 = Debug|Any CPU
		{F15625B1-90C1-45E8-B4D7-B96822FD0677}.Release|Any CPU.ActiveCfg = Release|Any CPU
		{F15625B1-90C1-45E8-B4D7-B96822FD0677}.Release|Any CPU.Build.0 = Release|Any CPU
	EndGlobalSection
	GlobalSection(SolutionProperties) = preSolution
		HideSolutionNode = FALSE
	EndGlobalSection
	GlobalSection(ExtensibilityGlobals) = postSolution
		SolutionGuid = {F2589838-727B-453B-8A41-5B276FC24F3D}
	EndGlobalSection
EndGlobal
